
Microsoft Visual Studio Solution File, Format Version 12.00
# Visual Studio 2015
Project("{FAE04EC0-301F-11D3-BF4B-00C04F79EFBC}") = "HotFix", "HotFix.csproj", "{8BB8CBF8-0E5C-C114-4C88-CB369CCB7161}"
EndProject
Project("{FAE04EC0-301F-11D3-BF4B-00C04F79EFBC}") = "HotFix.Editor", "HotFix.Editor.csproj", "{EB8AE8B1-8898-B27C-0308-4ED072AC4664}"
EndProject
Global
	GlobalSection(SolutionConfigurationPlatforms) = preSolution
		Debug|Any CPU = Debug|Any CPU
		Release|Any CPU = Release|Any CPU
	EndGlobalSection
	GlobalSection(ProjectConfigurationPlatforms) = postSolution
		{8BB8CBF8-0E5C-C114-4C88-CB369CCB7161}.Debug|Any CPU.ActiveCfg = Debug|Any CPU
		{8BB8CBF8-0E5C-C114-4C88-CB369CCB7161}.Debug|Any CPU.Build.0 = Debug|Any CPU
		{8BB8CBF8-0E5C-C114-4C88-CB369CCB7161}.Release|Any CPU.ActiveCfg = Release|Any CPU
		{8BB8CBF8-0E5C-C114-4C88-CB369CCB7161}.Release|Any CPU.Build.0 = Release|Any CPU
		{EB8AE8B1-8898-B27C-0308-4ED072AC4664}.Debug|Any CPU.ActiveCfg = Debug|Any CPU
		{EB8AE8B1-8898-B27C-0308-4ED072AC4664}.Debug|Any CPU.Build.0 = Debug|Any CPU
		{EB8AE8B1-8898-B27C-0308-4ED072AC4664}.Release|Any CPU.ActiveCfg = Release|Any CPU
		{EB8AE8B1-8898-B27C-0308-4ED072AC4664}.Release|Any CPU.Build.0 = Release|Any CPU
	EndGlobalSection
	GlobalSection(SolutionProperties) = preSolution
		HideSolutionNode = FALSE
	EndGlobalSection
EndGlobal
